<?xml version="1.0" encoding="utf-8"?>
<Project ToolsVersion="4.0" xmlns="http://schemas.microsoft.com/developer/msbuild/2003">
  <ItemGroup>
    <Filter Include="include">
      <UniqueIdentifier>{23a44b35-2f01-4dc8-adf7-4e09e4062749}</UniqueIdentifier>
    </Filter>
    <Filter Include="src">
      <UniqueIdentifier>{1dacddb8-db33-408e-80d2-5994af0f468c}</UniqueIdentifier>
    </Filter>
    <Filter Include="src\precompiledHeader">
      <UniqueIdentifier>{06e9f9d1-4bd2-43a3-891f-35fb9936ba98}</UniqueIdentifier>
    </Filter>
    <Filter Include="src\common">
      <UniqueIdentifier>{4582a80e-28ef-4844-b19d-e25bc7ebfa92}</UniqueIdentifier>
    </Filter>
    <Filter Include="include\tools">
      <UniqueIdentifier>{e5dff130-9e71-41aa-a05b-4ae0e5456d39}</UniqueIdentifier>
    </Filter>
    <Filter Include="src\backend">
      <UniqueIdentifier>{8b6cc9bb-9372-490a-acf1-4d20d103e181}</UniqueIdentifier>
    </Filter>
    <Filter Include="src\backend\dispatcher">
      <UniqueIdentifier>{60bfd790-1865-48d8-9fba-83192cbf5572}</UniqueIdentifier>
    </Filter>
    <Filter Include="src\frontend">
      <UniqueIdentifier>{ff53730b-0b47-45e3-9fc7-c6adaa3e310d}</UniqueIdentifier>
    </Filter>
    <Filter Include="src\common\structures">
      <UniqueIdentifier>{1b8833a2-6396-4621-9671-e1c8f27a53e0}</UniqueIdentifier>
    </Filter>
    <Filter Include="src\common\structures\lockfree">
      <UniqueIdentifier>{e3a1be97-4323-4499-a595-2ebe9a77481d}</UniqueIdentifier>
    </Filter>
    <Filter Include="src\common\structures\lockbased">
      <UniqueIdentifier>{89329e2e-4747-4f7a-a745-15cf3bc12c2f}</UniqueIdentifier>
    </Filter>
    <Filter Include="src\common\taskWorkerInstance">
      <UniqueIdentifier>{fe39ce55-0bb1-4336-903e-176485a4128d}</UniqueIdentifier>
    </Filter>
    <Filter Include="src\common\tools">
      <UniqueIdentifier>{dda3d785-6cda-46b9-863c-988969c9f214}</UniqueIdentifier>
    </Filter>
    <Filter Include="src\backend\task">
      <UniqueIdentifier>{65a0a263-f7da-442a-b4ba-29f00bc62191}</UniqueIdentifier>
    </Filter>
    <Filter Include="src\backend\taskFiber">
      <UniqueIdentifier>{782c31ef-8e33-4a8a-8ab4-e26cd24f6295}</UniqueIdentifier>
    </Filter>
    <Filter Include="src\backend\taskWorkerThread">
      <UniqueIdentifier>{e384d973-45e4-40bc-8c0c-52c4e55a5afe}</UniqueIdentifier>
    </Filter>
  </ItemGroup>
  <ItemGroup>
    <ClInclude Include="src\precompiledHeader\precompiledHeader.h">
      <Filter>src\precompiledHeader</Filter>
    </ClInclude>
    <ClInclude Include="src\common\common.h">
      <Filter>src\common</Filter>
    </ClInclude>
    <ClInclude Include="include\iTaskHandle.h">
      <Filter>include</Filter>
    </ClInclude>
    <ClInclude Include="include\iTaskContext.h">
      <Filter>include</Filter>
    </ClInclude>
    <ClInclude Include="include\globalApi.h">
      <Filter>include</Filter>
    </ClInclude>
    <ClInclude Include="include\tools\taskBatch.h">
      <Filter>include\tools</Filter>
    </ClInclude>
    <ClInclude Include="include\tools\parallelFor.h">
      <Filter>include\tools</Filter>
    </ClInclude>
    <ClInclude Include="include\tools\lambdaTask.h">
      <Filter>include\tools</Filter>
    </ClInclude>
    <ClInclude Include="include\stsExportApi.h">
      <Filter>include</Filter>
    </ClInclude>
    <ClInclude Include="src\backend\dispatcher\dispatcher.h">
      <Filter>src\backend\dispatcher</Filter>
    </ClInclude>
    <ClInclude Include="include\iTaskSystem.h">
      <Filter>include</Filter>
    </ClInclude>
    <ClInclude Include="src\frontend\frontendTaskSystem.h">
      <Filter>src\frontend</Filter>
    </ClInclude>
    <ClInclude Include="src\backend\backendTaskSystem.h">
      <Filter>src\backend</Filter>
    </ClInclude>
    <ClInclude Include="include\tools\bufferWrapper.h">
      <Filter>include\tools</Filter>
    </ClInclude>
    <ClInclude Include="include\tools\parallelMergeSort.h">
      <Filter>include\tools</Filter>
    </ClInclude>
    <ClInclude Include="include\tools\taskStorageBuffer.h">
      <Filter>include\tools</Filter>
    </ClInclude>
    <ClInclude Include="include\sts_types.h">
      <Filter>include</Filter>
    </ClInclude>
    <ClInclude Include="src\common\structures\lockfree\lockfreePtrQueue.h">
      <Filter>src\common\structures\lockfree</Filter>
    </ClInclude>
    <ClInclude Include="src\common\structures\lockbased\lockBasedPtrQueue.h">
      <Filter>src\common\structures\lockbased</Filter>
    </ClInclude>
    <ClInclude Include="src\common\taskWorkerInstance\taskWorkerInstance.h">
      <Filter>src\common\taskWorkerInstance</Filter>
    </ClInclude>
    <ClInclude Include="src\common\taskWorkerInstance\taskWorkerInstanceContext.h">
      <Filter>src\common\taskWorkerInstance</Filter>
    </ClInclude>
    <ClInclude Include="src\common\tools\positiveNumberHasher.h">
      <Filter>src\common\tools</Filter>
    </ClInclude>
    <ClInclude Include="src\backend\task\task.h">
      <Filter>src\backend\task</Filter>
    </ClInclude>
    <ClInclude Include="src\backend\task\taskAllocator.h">
      <Filter>src\backend\task</Filter>
    </ClInclude>
    <ClInclude Include="src\backend\task\taskContext.h">
      <Filter>src\backend\task</Filter>
    </ClInclude>
    <ClInclude Include="src\backend\task\taskHandle.h">
      <Filter>src\backend\task</Filter>
    </ClInclude>
    <ClInclude Include="src\backend\taskFiber\taskFiber.h">
      <Filter>src\backend\taskFiber</Filter>
    </ClInclude>
    <ClInclude Include="src\backend\taskFiber\taskFiberAllocator.h">
      <Filter>src\backend\taskFiber</Filter>
    </ClInclude>
    <ClInclude Include="src\backend\taskWorkerThread\taskWorkerThread.h">
      <Filter>src\backend\taskWorkerThread</Filter>
    </ClInclude>
    <ClInclude Include="src\backend\taskWorkerThread\taskWorkerThreadPool.h">
      <Filter>src\backend\taskWorkerThread</Filter>
    </ClInclude>
  </ItemGroup>
  <ItemGroup>
    <ClCompile Include="src\precompiledHeader\precompiledHeader.cpp">
      <Filter>src\precompiledHeader</Filter>
    </ClCompile>
    <ClCompile Include="src\backend\dispatcher\dispatcher.cpp">
      <Filter>src\backend\dispatcher</Filter>
    </ClCompile>
    <ClCompile Include="src\frontend\frontendTaskSystem.cpp">
      <Filter>src\frontend</Filter>
    </ClCompile>
    <ClCompile Include="src\backend\backendTaskSystem.cpp">
      <Filter>src\backend</Filter>
    </ClCompile>
    <ClCompile Include="src\frontend\globalApiImpl.cpp">
      <Filter>src\frontend</Filter>
    </ClCompile>
    <ClCompile Include="src\common\taskWorkerInstance\taskWorkerInstance.cpp">
      <Filter>src\common\taskWorkerInstance</Filter>
    </ClCompile>
    <ClCompile Include="src\backend\task\task.cpp">
      <Filter>src\backend\task</Filter>
    </ClCompile>
    <ClCompile Include="src\backend\task\taskAllocator.cpp">
      <Filter>src\backend\task</Filter>
    </ClCompile>
    <ClCompile Include="src\backend\task\taskContext.cpp">
      <Filter>src\backend\task</Filter>
    </ClCompile>
    <ClCompile Include="src\backend\task\taskHandle.cpp">
      <Filter>src\backend\task</Filter>
    </ClCompile>
    <ClCompile Include="src\backend\taskFiber\taskFiber.cpp">
      <Filter>src\backend\taskFiber</Filter>
    </ClCompile>
    <ClCompile Include="src\backend\taskFiber\taskFiberAllocator.cpp">
      <Filter>src\backend\taskFiber</Filter>
    </ClCompile>
    <ClCompile Include="src\backend\taskWorkerThread\taskWorkerThread.cpp">
      <Filter>src\backend\taskWorkerThread</Filter>
    </ClCompile>
    <ClCompile Include="src\backend\taskWorkerThread\taskWorkerThreadPool.cpp">
      <Filter>src\backend\taskWorkerThread</Filter>
    </ClCompile>
  </ItemGroup>
  <ItemGroup>
    <Text Include="readme.txt" />
  </ItemGroup>
</Project>