<?xml version="1.0" encoding="utf-8"?>
<Project ToolsVersion="4.0" xmlns="http://schemas.microsoft.com/developer/msbuild/2003">
  <ItemGroup>
    <Filter Include="include">
      <UniqueIdentifier>{23a44b35-2f01-4dc8-adf7-4e09e4062749}</UniqueIdentifier>
    </Filter>
    <Filter Include="src">
      <UniqueIdentifier>{1dacddb8-db33-408e-80d2-5994af0f468c}</UniqueIdentifier>
    </Filter>
    <Filter Include="src\precompiledHeader">
      <UniqueIdentifier>{06e9f9d1-4bd2-43a3-891f-35fb9936ba98}</UniqueIdentifier>
    </Filter>
    <Filter Include="src\common">
      <UniqueIdentifier>{4582a80e-28ef-4844-b19d-e25bc7ebfa92}</UniqueIdentifier>
    </Filter>
    <Filter Include="src\manager">
      <UniqueIdentifier>{5e1baa01-52b2-400a-826b-860850a48dae}</UniqueIdentifier>
    </Filter>
    <Filter Include="src\structures">
      <UniqueIdentifier>{2e566997-9f8b-49c4-b6a1-974eb522e3aa}</UniqueIdentifier>
    </Filter>
    <Filter Include="src\structures\lockbased">
      <UniqueIdentifier>{956ce7eb-2c81-49c3-9a43-6c49b53b894f}</UniqueIdentifier>
    </Filter>
    <Filter Include="src\structures\lockfree">
      <UniqueIdentifier>{d0ae19e5-f3e1-4915-92c3-da9157889e0f}</UniqueIdentifier>
    </Filter>
    <Filter Include="src\task">
      <UniqueIdentifier>{01418461-ceab-4e94-8698-8864b9dae16b}</UniqueIdentifier>
    </Filter>
    <Filter Include="src\taskFiber">
      <UniqueIdentifier>{504261f3-435c-4e23-91e6-ea392c7c9ec9}</UniqueIdentifier>
    </Filter>
    <Filter Include="src\taskWorker">
      <UniqueIdentifier>{808ae0b0-f94a-4788-a9a4-357a35f86456}</UniqueIdentifier>
    </Filter>
    <Filter Include="src\tools">
      <UniqueIdentifier>{dec32279-7723-435a-a4ca-a5e2b4c2f224}</UniqueIdentifier>
    </Filter>
  </ItemGroup>
  <ItemGroup>
    <ClInclude Include="src\precompiledHeader\precompiledHeader.h">
      <Filter>src\precompiledHeader</Filter>
    </ClInclude>
    <ClInclude Include="src\common\common.h">
      <Filter>src\common</Filter>
    </ClInclude>
    <ClInclude Include="src\manager\taskManager.h">
      <Filter>src\manager</Filter>
    </ClInclude>
    <ClInclude Include="src\structures\lockbased\lockBasedPtrQueue.h">
      <Filter>src\structures\lockbased</Filter>
    </ClInclude>
    <ClInclude Include="src\structures\lockfree\lockfreePtrQueue.h">
      <Filter>src\structures\lockfree</Filter>
    </ClInclude>
    <ClInclude Include="src\task\task.h">
      <Filter>src\task</Filter>
    </ClInclude>
    <ClInclude Include="src\task\taskAllocator.h">
      <Filter>src\task</Filter>
    </ClInclude>
    <ClInclude Include="src\task\taskBatch.h">
      <Filter>src\task</Filter>
    </ClInclude>
    <ClInclude Include="src\task\taskContext.h">
      <Filter>src\task</Filter>
    </ClInclude>
    <ClInclude Include="src\task\taskHandle.h">
      <Filter>src\task</Filter>
    </ClInclude>
    <ClInclude Include="src\task\taskHelpers.h">
      <Filter>src\task</Filter>
    </ClInclude>
    <ClInclude Include="src\taskFiber\taskFiber.h">
      <Filter>src\taskFiber</Filter>
    </ClInclude>
    <ClInclude Include="src\taskFiber\taskFiberAllocator.h">
      <Filter>src\taskFiber</Filter>
    </ClInclude>
    <ClInclude Include="src\taskWorker\taskWorker.h">
      <Filter>src\taskWorker</Filter>
    </ClInclude>
    <ClInclude Include="src\taskWorker\taskWorkersPool.h">
      <Filter>src\taskWorker</Filter>
    </ClInclude>
    <ClInclude Include="src\tools\parallelFor.h">
      <Filter>src\tools</Filter>
    </ClInclude>
    <ClInclude Include="src\tools\positiveNumberHasher.h">
      <Filter>src\tools</Filter>
    </ClInclude>
    <ClInclude Include="include\iTaskHandle.h">
      <Filter>include</Filter>
    </ClInclude>
    <ClInclude Include="include\iTaskContext.h">
      <Filter>include</Filter>
    </ClInclude>
    <ClInclude Include="include\iTaskManager.h">
      <Filter>include</Filter>
    </ClInclude>
  </ItemGroup>
  <ItemGroup>
    <ClCompile Include="src\precompiledHeader\precompiledHeader.cpp">
      <Filter>src\precompiledHeader</Filter>
    </ClCompile>
    <ClCompile Include="src\manager\taskManager.cpp">
      <Filter>src\manager</Filter>
    </ClCompile>
    <ClCompile Include="src\task\task.cpp">
      <Filter>src\task</Filter>
    </ClCompile>
    <ClCompile Include="src\task\taskAllocator.cpp">
      <Filter>src\task</Filter>
    </ClCompile>
    <ClCompile Include="src\task\taskBatch.cpp">
      <Filter>src\task</Filter>
    </ClCompile>
    <ClCompile Include="src\taskFiber\taskFiber.cpp">
      <Filter>src\taskFiber</Filter>
    </ClCompile>
    <ClCompile Include="src\taskFiber\taskFiberAllocator.cpp">
      <Filter>src\taskFiber</Filter>
    </ClCompile>
    <ClCompile Include="src\taskWorker\taskWorker.cpp">
      <Filter>src\taskWorker</Filter>
    </ClCompile>
    <ClCompile Include="src\taskWorker\taskWorkersPool.cpp">
      <Filter>src\taskWorker</Filter>
    </ClCompile>
    <ClCompile Include="src\task\taskHandle.cpp">
      <Filter>src\task</Filter>
    </ClCompile>
    <ClCompile Include="src\task\taskContext.cpp">
      <Filter>src\task</Filter>
    </ClCompile>
  </ItemGroup>
</Project>