
Microsoft Visual Studio Solution File, Format Version 12.00
# Visual Studio 15
VisualStudioVersion = 15.0.26430.12
MinimumVisualStudioVersion = 10.0.40219.1
Project("{2150E333-8FDC-42A3-9474-1A3956D46DE8}") = "unitTests", "unitTests", "{673A55F7-86B6-4B65-984A-5324E9951EB2}"
EndProject
Project("{2150E333-8FDC-42A3-9474-1A3956D46DE8}") = "libs", "libs", "{4C6DCCC7-1452-4586-95CC-08D3695A39E2}"
EndProject
Project("{8BC9CEB8-8B4A-11D0-8D11-00A0C91BC942}") = "basicThreadingLib", "libs\basicThreadingLib\basicThreadingLib.vcxproj", "{35FB4745-AA36-40AF-8BCB-2266EA169F61}"
EndProject
Project("{8BC9CEB8-8B4A-11D0-8D11-00A0C91BC942}") = "commonLib", "libs\commonLib\commonLib.vcxproj", "{35FB4173-AA36-40BE-8BCB-2266EA169F61}"
EndProject
Project("{8BC9CEB8-8B4A-11D0-8D11-00A0C91BC942}") = "simpleTaskSystem", "libs\simpleTaskSystem\simpleTaskSystem.vcxproj", "{391E031B-8570-4BFE-9BE2-4CF390A836D3}"
EndProject
Project("{8BC9CEB8-8B4A-11D0-8D11-00A0C91BC942}") = "stsUnitTests", "unitTests\StsUnitTests\stsUnitTests.vcxproj", "{9173B8AD-AE27-444A-88F7-494C2197E042}"
EndProject
Project("{8BC9CEB8-8B4A-11D0-8D11-00A0C91BC942}") = "atomicsUnitTests", "unitTests\AtomicsUnitTests\atomicsUnitTests.vcxproj", "{99AC4BBF-D1D1-4219-A730-E0409BBD8BCF}"
EndProject
Global
	GlobalSection(SolutionConfigurationPlatforms) = preSolution
		Debug|x64 = Debug|x64
		Debug|x86 = Debug|x86
		Release|x64 = Release|x64
		Release|x86 = Release|x86
	EndGlobalSection
	GlobalSection(ProjectConfigurationPlatforms) = postSolution
		{35FB4745-AA36-40AF-8BCB-2266EA169F61}.Debug|x64.ActiveCfg = Debug|x64
		{35FB4745-AA36-40AF-8BCB-2266EA169F61}.Debug|x64.Build.0 = Debug|x64
		{35FB4745-AA36-40AF-8BCB-2266EA169F61}.Debug|x86.ActiveCfg = Debug|Win32
		{35FB4745-AA36-40AF-8BCB-2266EA169F61}.Debug|x86.Build.0 = Debug|Win32
		{35FB4745-AA36-40AF-8BCB-2266EA169F61}.Release|x64.ActiveCfg = Release|x64
		{35FB4745-AA36-40AF-8BCB-2266EA169F61}.Release|x64.Build.0 = Release|x64
		{35FB4745-AA36-40AF-8BCB-2266EA169F61}.Release|x86.ActiveCfg = Release|Win32
		{35FB4745-AA36-40AF-8BCB-2266EA169F61}.Release|x86.Build.0 = Release|Win32
		{35FB4173-AA36-40BE-8BCB-2266EA169F61}.Debug|x64.ActiveCfg = Debug|x64
		{35FB4173-AA36-40BE-8BCB-2266EA169F61}.Debug|x64.Build.0 = Debug|x64
		{35FB4173-AA36-40BE-8BCB-2266EA169F61}.Debug|x86.ActiveCfg = Debug|Win32
		{35FB4173-AA36-40BE-8BCB-2266EA169F61}.Debug|x86.Build.0 = Debug|Win32
		{35FB4173-AA36-40BE-8BCB-2266EA169F61}.Release|x64.ActiveCfg = Release|x64
		{35FB4173-AA36-40BE-8BCB-2266EA169F61}.Release|x64.Build.0 = Release|x64
		{35FB4173-AA36-40BE-8BCB-2266EA169F61}.Release|x86.ActiveCfg = Release|Win32
		{35FB4173-AA36-40BE-8BCB-2266EA169F61}.Release|x86.Build.0 = Release|Win32
		{391E031B-8570-4BFE-9BE2-4CF390A836D3}.Debug|x64.ActiveCfg = Debug|x64
		{391E031B-8570-4BFE-9BE2-4CF390A836D3}.Debug|x64.Build.0 = Debug|x64
		{391E031B-8570-4BFE-9BE2-4CF390A836D3}.Debug|x86.ActiveCfg = Debug|Win32
		{391E031B-8570-4BFE-9BE2-4CF390A836D3}.Debug|x86.Build.0 = Debug|Win32
		{391E031B-8570-4BFE-9BE2-4CF390A836D3}.Release|x64.ActiveCfg = Release|x64
		{391E031B-8570-4BFE-9BE2-4CF390A836D3}.Release|x64.Build.0 = Release|x64
		{391E031B-8570-4BFE-9BE2-4CF390A836D3}.Release|x86.ActiveCfg = Release|Win32
		{391E031B-8570-4BFE-9BE2-4CF390A836D3}.Release|x86.Build.0 = Release|Win32
		{9173B8AD-AE27-444A-88F7-494C2197E042}.Debug|x64.ActiveCfg = Debug|x64
		{9173B8AD-AE27-444A-88F7-494C2197E042}.Debug|x64.Build.0 = Debug|x64
		{9173B8AD-AE27-444A-88F7-494C2197E042}.Debug|x86.ActiveCfg = Debug|Win32
		{9173B8AD-AE27-444A-88F7-494C2197E042}.Debug|x86.Build.0 = Debug|Win32
		{9173B8AD-AE27-444A-88F7-494C2197E042}.Release|x64.ActiveCfg = Release|x64
		{9173B8AD-AE27-444A-88F7-494C2197E042}.Release|x64.Build.0 = Release|x64
		{9173B8AD-AE27-444A-88F7-494C2197E042}.Release|x86.ActiveCfg = Release|Win32
		{9173B8AD-AE27-444A-88F7-494C2197E042}.Release|x86.Build.0 = Release|Win32
		{99AC4BBF-D1D1-4219-A730-E0409BBD8BCF}.Debug|x64.ActiveCfg = Debug|x64
		{99AC4BBF-D1D1-4219-A730-E0409BBD8BCF}.Debug|x64.Build.0 = Debug|x64
		{99AC4BBF-D1D1-4219-A730-E0409BBD8BCF}.Debug|x86.ActiveCfg = Debug|Win32
		{99AC4BBF-D1D1-4219-A730-E0409BBD8BCF}.Debug|x86.Build.0 = Debug|Win32
		{99AC4BBF-D1D1-4219-A730-E0409BBD8BCF}.Release|x64.ActiveCfg = Release|x64
		{99AC4BBF-D1D1-4219-A730-E0409BBD8BCF}.Release|x64.Build.0 = Release|x64
		{99AC4BBF-D1D1-4219-A730-E0409BBD8BCF}.Release|x86.ActiveCfg = Release|Win32
		{99AC4BBF-D1D1-4219-A730-E0409BBD8BCF}.Release|x86.Build.0 = Release|Win32
	EndGlobalSection
	GlobalSection(SolutionProperties) = preSolution
		HideSolutionNode = FALSE
	EndGlobalSection
	GlobalSection(NestedProjects) = preSolution
		{35FB4745-AA36-40AF-8BCB-2266EA169F61} = {4C6DCCC7-1452-4586-95CC-08D3695A39E2}
		{35FB4173-AA36-40BE-8BCB-2266EA169F61} = {4C6DCCC7-1452-4586-95CC-08D3695A39E2}
		{391E031B-8570-4BFE-9BE2-4CF390A836D3} = {4C6DCCC7-1452-4586-95CC-08D3695A39E2}
		{9173B8AD-AE27-444A-88F7-494C2197E042} = {673A55F7-86B6-4B65-984A-5324E9951EB2}
		{99AC4BBF-D1D1-4219-A730-E0409BBD8BCF} = {673A55F7-86B6-4B65-984A-5324E9951EB2}
	EndGlobalSection
EndGlobal
