<?xml version="1.0" encoding="utf-8"?>
<Project ToolsVersion="4.0" xmlns="http://schemas.microsoft.com/developer/msbuild/2003">
  <ItemGroup>
    <Filter Include="structures">
      <UniqueIdentifier>{c610d6ae-7dfd-4739-b2fd-81ed2d2356ed}</UniqueIdentifier>
    </Filter>
    <Filter Include="structures\lockfree">
      <UniqueIdentifier>{ac0be958-1b31-4389-8f1c-6eb42ac01db3}</UniqueIdentifier>
    </Filter>
    <Filter Include="common">
      <UniqueIdentifier>{54703ea2-a4a3-4eec-a119-a66ea2bb184e}</UniqueIdentifier>
    </Filter>
    <Filter Include="tasking">
      <UniqueIdentifier>{6cae5064-8228-4aba-b9bd-d1e350bc8839}</UniqueIdentifier>
    </Filter>
    <Filter Include="tools">
      <UniqueIdentifier>{df395842-28df-4c90-ac2a-cd7a6bae9c2e}</UniqueIdentifier>
    </Filter>
    <Filter Include="common\lowLevel">
      <UniqueIdentifier>{342b9f80-ba64-420c-8008-262f37929bca}</UniqueIdentifier>
    </Filter>
    <Filter Include="tools\platform">
      <UniqueIdentifier>{51f472ba-8040-41d3-9e31-6a9e548bb3a4}</UniqueIdentifier>
    </Filter>
    <Filter Include="tools\platform\winAPI">
      <UniqueIdentifier>{146cdf96-1215-4514-b994-a727b7bff617}</UniqueIdentifier>
    </Filter>
    <Filter Include="common\lowLevel\atomic">
      <UniqueIdentifier>{cdb56346-3e0a-4ea5-bc3e-31ffbd343623}</UniqueIdentifier>
    </Filter>
    <Filter Include="common\lowLevel\synchro">
      <UniqueIdentifier>{4226e318-8f8d-49de-84b9-630569b62f92}</UniqueIdentifier>
    </Filter>
    <Filter Include="common\lowLevel\thread">
      <UniqueIdentifier>{7983194a-0663-4932-adeb-b01498d6a2a3}</UniqueIdentifier>
    </Filter>
    <Filter Include="common\lowLevel\thread\platform">
      <UniqueIdentifier>{880f44a3-d5b8-4947-82fc-62dd3e100fa9}</UniqueIdentifier>
    </Filter>
    <Filter Include="common\lowLevel\synchro\impl">
      <UniqueIdentifier>{af7d96a9-0fc9-432d-a34a-0ffa77c49362}</UniqueIdentifier>
    </Filter>
    <Filter Include="common\lowLevel\thread\platform\winAPI">
      <UniqueIdentifier>{d47c95b4-5a7a-42dc-9978-2e806cf03c53}</UniqueIdentifier>
    </Filter>
    <Filter Include="common\lowLevel\synchro\impl\platform">
      <UniqueIdentifier>{3e0b2fe7-bbcc-421c-9fe4-98f239e75d16}</UniqueIdentifier>
    </Filter>
    <Filter Include="common\lowLevel\atomic\platform">
      <UniqueIdentifier>{0b6dc4b4-41b6-4fb9-af35-774021cdb71c}</UniqueIdentifier>
    </Filter>
    <Filter Include="common\lowLevel\atomic\platform\winAPI">
      <UniqueIdentifier>{ab7e96dd-42bf-4022-8be4-93bc2944ae6b}</UniqueIdentifier>
    </Filter>
    <Filter Include="common\lowLevel\synchro\impl\platform\winAPI">
      <UniqueIdentifier>{349a0bcd-e37a-4f15-a3af-cea3e6cec7c8}</UniqueIdentifier>
    </Filter>
    <Filter Include="structures\lockbased">
      <UniqueIdentifier>{ee469bda-8a7a-4ba9-8c50-3bcdd323ecdc}</UniqueIdentifier>
    </Filter>
    <Filter Include="tasking\taskFibers">
      <UniqueIdentifier>{acb418a5-bea9-4bdc-93e5-ebaf41e902cb}</UniqueIdentifier>
    </Filter>
  </ItemGroup>
  <ItemGroup>
    <ClInclude Include="threadLib\include\sts\private_headers\common\NamespaceMacros.h">
      <Filter>common</Filter>
    </ClInclude>
    <ClInclude Include="threadLib\include\sts\private_headers\common\NamespaceSelect.h">
      <Filter>common</Filter>
    </ClInclude>
    <ClInclude Include="threadLib\include\sts\private_headers\common\Platform.h">
      <Filter>common</Filter>
    </ClInclude>
    <ClInclude Include="threadLib\include\sts\lowlevel\atomic\Atomic.h">
      <Filter>common\lowLevel\atomic</Filter>
    </ClInclude>
    <ClInclude Include="threadLib\include\sts\lowlevel\atomic\MemoryOrder.h">
      <Filter>common\lowLevel\atomic</Filter>
    </ClInclude>
    <ClInclude Include="threadLib\include\sts\private_headers\atomic\AtomicPlatform.h">
      <Filter>common\lowLevel\atomic\platform</Filter>
    </ClInclude>
    <ClInclude Include="threadLib\include\sts\lowlevel\synchro\ConditionVariable.h">
      <Filter>common\lowLevel\synchro</Filter>
    </ClInclude>
    <ClInclude Include="threadLib\include\sts\lowlevel\synchro\LockGuards.h">
      <Filter>common\lowLevel\synchro</Filter>
    </ClInclude>
    <ClInclude Include="threadLib\include\sts\lowlevel\synchro\ManualResetEvent.h">
      <Filter>common\lowLevel\synchro</Filter>
    </ClInclude>
    <ClInclude Include="threadLib\include\sts\lowlevel\synchro\Mutex.h">
      <Filter>common\lowLevel\synchro</Filter>
    </ClInclude>
    <ClInclude Include="threadLib\include\sts\lowlevel\thread\FunctorThread.h">
      <Filter>common\lowLevel\thread</Filter>
    </ClInclude>
    <ClInclude Include="threadLib\include\sts\lowlevel\thread\Thread.h">
      <Filter>common\lowLevel\thread</Filter>
    </ClInclude>
    <ClInclude Include="threadLib\include\sts\private_headers\thread\ThreadPlatform.h">
      <Filter>common\lowLevel\thread\platform</Filter>
    </ClInclude>
    <ClInclude Include="threadLib\include\sts\tools\ParallelFor.h">
      <Filter>tools</Filter>
    </ClInclude>
    <ClInclude Include="threadLib\include\sts\tools\PositiveNumberHasher.h">
      <Filter>tools</Filter>
    </ClInclude>
    <ClInclude Include="threadLib\include\sts\tools\Tools.h">
      <Filter>tools</Filter>
    </ClInclude>
    <ClInclude Include="threadLib\include\sts\private_headers\tools\ToolsPlatform.h">
      <Filter>tools\platform</Filter>
    </ClInclude>
    <ClInclude Include="threadLib\include\sts\tasking\Task.h">
      <Filter>tasking</Filter>
    </ClInclude>
    <ClInclude Include="threadLib\include\sts\tasking\TaskBatch.h">
      <Filter>tasking</Filter>
    </ClInclude>
    <ClInclude Include="threadLib\include\sts\tasking\TaskContext.h">
      <Filter>tasking</Filter>
    </ClInclude>
    <ClInclude Include="threadLib\include\sts\tasking\TaskHandle.h">
      <Filter>tasking</Filter>
    </ClInclude>
    <ClInclude Include="threadLib\include\sts\tasking\TaskHelpers.h">
      <Filter>tasking</Filter>
    </ClInclude>
    <ClInclude Include="threadLib\include\sts\tasking\TaskingCommon.h">
      <Filter>tasking</Filter>
    </ClInclude>
    <ClInclude Include="threadLib\include\sts\tasking\TaskManager.h">
      <Filter>tasking</Filter>
    </ClInclude>
    <ClInclude Include="threadLib\include\sts\tasking\TaskWorker.h">
      <Filter>tasking</Filter>
    </ClInclude>
    <ClInclude Include="threadLib\include\sts\tasking\TaskWorkersPool.h">
      <Filter>tasking</Filter>
    </ClInclude>
    <ClInclude Include="threadLib\include\sts\private_headers\synchro\SynchronizationPlatform.h">
      <Filter>common\lowLevel\synchro\impl\platform</Filter>
    </ClInclude>
    <ClInclude Include="threadLib\include\sts\private_headers\winAPI\AtomicWinAPI.h">
      <Filter>common\lowLevel\atomic\platform\winAPI</Filter>
    </ClInclude>
    <ClInclude Include="threadLib\include\sts\private_headers\winAPI\ConditionVariableImplWinAPI.h">
      <Filter>common\lowLevel\synchro\impl\platform\winAPI</Filter>
    </ClInclude>
    <ClInclude Include="threadLib\include\sts\private_headers\winAPI\ManualResetEventWinAPI.h">
      <Filter>common\lowLevel\synchro\impl\platform\winAPI</Filter>
    </ClInclude>
    <ClInclude Include="threadLib\include\sts\private_headers\winAPI\MutexWinAPI.h">
      <Filter>common\lowLevel\synchro\impl\platform\winAPI</Filter>
    </ClInclude>
    <ClInclude Include="threadLib\include\sts\private_headers\winAPI\ThreadImplWinAPI.h">
      <Filter>common\lowLevel\thread\platform\winAPI</Filter>
    </ClInclude>
    <ClInclude Include="threadLib\include\sts\private_headers\winAPI\ToolsWinAPI.h">
      <Filter>tools\platform\winAPI</Filter>
    </ClInclude>
    <ClInclude Include="threadLib\include\sts\private_headers\tasking\TaskAllocator.h">
      <Filter>tasking</Filter>
    </ClInclude>
    <ClInclude Include="threadLib\include\sts\lowlevel\synchro\SpinLock.h">
      <Filter>common\lowLevel\synchro</Filter>
    </ClInclude>
    <ClInclude Include="threadLib\include\sts\structures\lockfree\lockfreePtrQueue.h">
      <Filter>structures\lockfree</Filter>
    </ClInclude>
    <ClInclude Include="threadLib\include\sts\structures\lockbased\lockBasedPtrQueue.h">
      <Filter>structures\lockbased</Filter>
    </ClInclude>
    <ClInclude Include="threadLib\include\sts\lowlevel\thread\fiber.h">
      <Filter>common\lowLevel\thread</Filter>
    </ClInclude>
    <ClInclude Include="threadLib\include\sts\private_headers\winAPI\fiberImplWinAPI.h">
      <Filter>common\lowLevel\thread\platform\winAPI</Filter>
    </ClInclude>
    <ClInclude Include="threadLib\implementation\tasking\taskFibers\taskFiberAllocator.h">
      <Filter>tasking\taskFibers</Filter>
    </ClInclude>
    <ClInclude Include="threadLib\implementation\tasking\taskFibers\taskFiber.h">
      <Filter>tasking\taskFibers</Filter>
    </ClInclude>
    <ClInclude Include="threadLib\include\sts\lowlevel\thread\thisThreadHelpers.h">
      <Filter>common\lowLevel\thread</Filter>
    </ClInclude>
    <ClInclude Include="threadLib\include\sts\lowlevel\thread\thisFiberHelpers.h">
      <Filter>common\lowLevel\thread</Filter>
    </ClInclude>
  </ItemGroup>
  <ItemGroup>
    <ClCompile Include="threadLib\implementation\synchro\winAPI\ThreadImplWinAPI.cpp">
      <Filter>common\lowLevel\thread\platform\winAPI</Filter>
    </ClCompile>
    <ClCompile Include="threadLib\implementation\synchro\winAPI\ConditionVariableImplWinAPI.cpp">
      <Filter>common\lowLevel\synchro\impl\platform\winAPI</Filter>
    </ClCompile>
    <ClCompile Include="threadLib\implementation\synchro\winAPI\ManualResetEventWinAPI.cpp">
      <Filter>common\lowLevel\synchro\impl\platform\winAPI</Filter>
    </ClCompile>
    <ClCompile Include="threadLib\implementation\synchro\winAPI\MutexWinAPI.cpp">
      <Filter>common\lowLevel\synchro\impl\platform\winAPI</Filter>
    </ClCompile>
    <ClCompile Include="threadLib\implementation\tasking\Task.cpp">
      <Filter>tasking</Filter>
    </ClCompile>
    <ClCompile Include="threadLib\implementation\tasking\TaskAllocator.cpp">
      <Filter>tasking</Filter>
    </ClCompile>
    <ClCompile Include="threadLib\implementation\tasking\TaskBatch.cpp">
      <Filter>tasking</Filter>
    </ClCompile>
    <ClCompile Include="threadLib\implementation\tasking\TaskManager.cpp">
      <Filter>tasking</Filter>
    </ClCompile>
    <ClCompile Include="threadLib\implementation\tasking\TaskWorker.cpp">
      <Filter>tasking</Filter>
    </ClCompile>
    <ClCompile Include="threadLib\implementation\tasking\TaskWorkersPool.cpp">
      <Filter>tasking</Filter>
    </ClCompile>
    <ClCompile Include="threadLib\implementation\synchro\winAPI\SpinLock.cpp">
      <Filter>common\lowLevel\synchro\impl</Filter>
    </ClCompile>
    <ClCompile Include="threadLib\implementation\synchro\winAPI\fiberImplWinAPI.cpp">
      <Filter>common\lowLevel\thread\platform\winAPI</Filter>
    </ClCompile>
    <ClCompile Include="threadLib\implementation\tasking\taskFibers\taskFiberAllocator.cpp">
      <Filter>tasking\taskFibers</Filter>
    </ClCompile>
    <ClCompile Include="threadLib\implementation\tasking\taskFibers\taskFiber.cpp">
      <Filter>tasking\taskFibers</Filter>
    </ClCompile>
  </ItemGroup>
  <ItemGroup>
    <Text Include="TODO.txt" />
  </ItemGroup>
</Project>